
Microsoft Visual Studio Solution File, Format Version 12.00
# Visual Studio Version 17
VisualStudioVersion = 17.0.31903.59
MinimumVisualStudioVersion = 10.0.40219.1
Project("{FAE04EC0-301F-11D3-BF4B-00C04F79EFBC}") = "LifeOS.Domain", "LifeOS.Domain\LifeOS.Domain.csproj", "{64B7136A-8A43-4FEC-B421-C693FF000131}"
EndProject
Project("{FAE04EC0-301F-11D3-BF4B-00C04F79EFBC}") = "LifeOS.Application", "LifeOS.Application\LifeOS.Application.csproj", "{C31B0E39-E315-4DE3-A78F-2662DD945AA2}"
EndProject
Project("{FAE04EC0-301F-11D3-BF4B-00C04F79EFBC}") = "LifeOS.Infrastructure", "LifeOS.Infrastructure\LifeOS.Infrastructure.csproj", "{2A47FDBC-3CCB-476F-8312-B913FDF3C561}"
EndProject
Project("{FAE04EC0-301F-11D3-BF4B-00C04F79EFBC}") = "LifeOS.API", "LifeOS.API\LifeOS.API.csproj", "{CC7408A2-B068-4ACA-9F01-F18D00070FAF}"
EndProject
Project("{FAE04EC0-301F-11D3-BF4B-00C04F79EFBC}") = "LifeOS.Tests", "LifeOS.Tests\LifeOS.Tests.csproj", "{127353E9-93C3-4279-8BCF-6C9521A04234}"
EndProject
Global
	GlobalSection(SolutionConfigurationPlatforms) = preSolution
		Debug|Any CPU = Debug|Any CPU
		Debug|x64 = Debug|x64
		Debug|x86 = Debug|x86
		Release|Any CPU = Release|Any CPU
		Release|x64 = Release|x64
		Release|x86 = Release|x86
	EndGlobalSection
	GlobalSection(ProjectConfigurationPlatforms) = postSolution
		{64B7136A-8A43-4FEC-B421-C693FF000131}.Debug|Any CPU.ActiveCfg = Debug|Any CPU
		{64B7136A-8A43-4FEC-B421-C693FF000131}.Debug|Any CPU.Build.0 = Debug|Any CPU
		{64B7136A-8A43-4FEC-B421-C693FF000131}.Debug|x64.ActiveCfg = Debug|Any CPU
		{64B7136A-8A43-4FEC-B421-C693FF000131}.Debug|x64.Build.0 = Debug|Any CPU
		{64B7136A-8A43-4FEC-B421-C693FF000131}.Debug|x86.ActiveCfg = Debug|Any CPU
		{64B7136A-8A43-4FEC-B421-C693FF000131}.Debug|x86.Build.0 = Debug|Any CPU
		{64B7136A-8A43-4FEC-B421-C693FF000131}.Release|Any CPU.ActiveCfg = Release|Any CPU
		{64B7136A-8A43-4FEC-B421-C693FF000131}.Release|Any CPU.Build.0 = Release|Any CPU
		{64B7136A-8A43-4FEC-B421-C693FF000131}.Release|x64.ActiveCfg = Release|Any CPU
		{64B7136A-8A43-4FEC-B421-C693FF000131}.Release|x64.Build.0 = Release|Any CPU
		{64B7136A-8A43-4FEC-B421-C693FF000131}.Release|x86.ActiveCfg = Release|Any CPU
		{64B7136A-8A43-4FEC-B421-C693FF000131}.Release|x86.Build.0 = Release|Any CPU
		{C31B0E39-E315-4DE3-A78F-2662DD945AA2}.Debug|Any CPU.ActiveCfg = Debug|Any CPU
		{C31B0E39-E315-4DE3-A78F-2662DD945AA2}.Debug|Any CPU.Build.0 = Debug|Any CPU
		{C31B0E39-E315-4DE3-A78F-2662DD945AA2}.Debug|x64.ActiveCfg = Debug|Any CPU
		{C31B0E39-E315-4DE3-A78F-2662DD945AA2}.Debug|x64.Build.0 = Debug|Any CPU
		{C31B0E39-E315-4DE3-A78F-2662DD945AA2}.Debug|x86.ActiveCfg = Debug|Any CPU
		{C31B0E39-E315-4DE3-A78F-2662DD945AA2}.Debug|x86.Build.0 = Debug|Any CPU
		{C31B0E39-E315-4DE3-A78F-2662DD945AA2}.Release|Any CPU.ActiveCfg = Release|Any CPU
		{C31B0E39-E315-4DE3-A78F-2662DD945AA2}.Release|Any CPU.Build.0 = Release|Any CPU
		{C31B0E39-E315-4DE3-A78F-2662DD945AA2}.Release|x64.ActiveCfg = Release|Any CPU
		{C31B0E39-E315-4DE3-A78F-2662DD945AA2}.Release|x64.Build.0 = Release|Any CPU
		{C31B0E39-E315-4DE3-A78F-2662DD945AA2}.Release|x86.ActiveCfg = Release|Any CPU
		{C31B0E39-E315-4DE3-A78F-2662DD945AA2}.Release|x86.Build.0 = Release|Any CPU
		{2A47FDBC-3CCB-476F-8312-B913FDF3C561}.Debug|Any CPU.ActiveCfg = Debug|Any CPU
		{2A47FDBC-3CCB-476F-8312-B913FDF3C561}.Debug|Any CPU.Build.0 = Debug|Any CPU
		{2A47FDBC-3CCB-476F-8312-B913FDF3C561}.Debug|x64.ActiveCfg = Debug|Any CPU
		{2A47FDBC-3CCB-476F-8312-B913FDF3C561}.Debug|x64.Build.0 = Debug|Any CPU
		{2A47FDBC-3CCB-476F-8312-B913FDF3C561}.Debug|x86.ActiveCfg = Debug|Any CPU
		{2A47FDBC-3CCB-476F-8312-B913FDF3C561}.Debug|x86.Build.0 = Debug|Any CPU
		{2A47FDBC-3CCB-476F-8312-B913FDF3C561}.Release|Any CPU.ActiveCfg = Release|Any CPU
		{2A47FDBC-3CCB-476F-8312-B913FDF3C561}.Release|Any CPU.Build.0 = Release|Any CPU
		{2A47FDBC-3CCB-476F-8312-B913FDF3C561}.Release|x64.ActiveCfg = Release|Any CPU
		{2A47FDBC-3CCB-476F-8312-B913FDF3C561}.Release|x64.Build.0 = Release|Any CPU
		{2A47FDBC-3CCB-476F-8312-B913FDF3C561}.Release|x86.ActiveCfg = Release|Any CPU
		{2A47FDBC-3CCB-476F-8312-B913FDF3C561}.Release|x86.Build.0 = Release|Any CPU
		{CC7408A2-B068-4ACA-9F01-F18D00070FAF}.Debug|Any CPU.ActiveCfg = Debug|Any CPU
		{CC7408A2-B068-4ACA-9F01-F18D00070FAF}.Debug|Any CPU.Build.0 = Debug|Any CPU
		{CC7408A2-B068-4ACA-9F01-F18D00070FAF}.Debug|x64.ActiveCfg = Debug|Any CPU
		{CC7408A2-B068-4ACA-9F01-F18D00070FAF}.Debug|x64.Build.0 = Debug|Any CPU
		{CC7408A2-B068-4ACA-9F01-F18D00070FAF}.Debug|x86.ActiveCfg = Debug|Any CPU
		{CC7408A2-B068-4ACA-9F01-F18D00070FAF}.Debug|x86.Build.0 = Debug|Any CPU
		{CC7408A2-B068-4ACA-9F01-F18D00070FAF}.Release|Any CPU.ActiveCfg = Release|Any CPU
		{CC7408A2-B068-4ACA-9F01-F18D00070FAF}.Release|Any CPU.Build.0 = Release|Any CPU
		{CC7408A2-B068-4ACA-9F01-F18D00070FAF}.Release|x64.ActiveCfg = Release|Any CPU
		{CC7408A2-B068-4ACA-9F01-F18D00070FAF}.Release|x64.Build.0 = Release|Any CPU
		{CC7408A2-B068-4ACA-9F01-F18D00070FAF}.Release|x86.ActiveCfg = Release|Any CPU
		{CC7408A2-B068-4ACA-9F01-F18D00070FAF}.Release|x86.Build.0 = Release|Any CPU
		{127353E9-93C3-4279-8BCF-6C9521A04234}.Debug|Any CPU.ActiveCfg = Debug|Any CPU
		{127353E9-93C3-4279-8BCF-6C9521A04234}.Debug|Any CPU.Build.0 = Debug|Any CPU
		{127353E9-93C3-4279-8BCF-6C9521A04234}.Debug|x64.ActiveCfg = Debug|Any CPU
		{127353E9-93C3-4279-8BCF-6C9521A04234}.Debug|x64.Build.0 = Debug|Any CPU
		{127353E9-93C3-4279-8BCF-6C9521A04234}.Debug|x86.ActiveCfg = Debug|Any CPU
		{127353E9-93C3-4279-8BCF-6C9521A04234}.Debug|x86.Build.0 = Debug|Any CPU
		{127353E9-93C3-4279-8BCF-6C9521A04234}.Release|Any CPU.ActiveCfg = Release|Any CPU
		{127353E9-93C3-4279-8BCF-6C9521A04234}.Release|Any CPU.Build.0 = Release|Any CPU
		{127353E9-93C3-4279-8BCF-6C9521A04234}.Release|x64.ActiveCfg = Release|Any CPU
		{127353E9-93C3-4279-8BCF-6C9521A04234}.Release|x64.Build.0 = Release|Any CPU
		{127353E9-93C3-4279-8BCF-6C9521A04234}.Release|x86.ActiveCfg = Release|Any CPU
		{127353E9-93C3-4279-8BCF-6C9521A04234}.Release|x86.Build.0 = Release|Any CPU
	EndGlobalSection
	GlobalSection(SolutionProperties) = preSolution
		HideSolutionNode = FALSE
	EndGlobalSection
EndGlobal
